
Microsoft Visual Studio Solution File, Format Version 12.00
# Visual Studio 15
VisualStudioVersion = 15.0.27703.2018
MinimumVisualStudioVersion = 10.0.40219.1
Project("{FAE04EC0-301F-11D3-BF4B-00C04F79EFBC}") = "JwtBearerProviderDemo", "JwtBearerProviderDemo\JwtBearerProviderDemo.csproj", "{3AFBCE64-D634-4EBC-87F6-DC7F3E0E1645}"
EndProject
Global
	GlobalSection(SolutionConfigurationPlatforms) = preSolution
		Debug|Any CPU = Debug|Any CPU
		Release|Any CPU = Release|Any CPU
	EndGlobalSection
	GlobalSection(ProjectConfigurationPlatforms) = postSolution
		{3AFBCE64-D634-4EBC-87F6-DC7F3E0E1645}.Debug|Any CPU.ActiveCfg = Debug|Any CPU
		{3AFBCE64-D634-4EBC-87F6-DC7F3E0E1645}.Debug|Any CPU.Build.0 = Debug|Any CPU
		{3AFBCE64-D634-4EBC-87F6-DC7F3E0E1645}.Release|Any CPU.ActiveCfg = Release|Any CPU
		{3AFBCE64-D634-4EBC-87F6-DC7F3E0E1645}.Release|Any CPU.Build.0 = Release|Any CPU
	EndGlobalSection
	GlobalSection(SolutionProperties) = preSolution
		HideSolutionNode = FALSE
	EndGlobalSection
	GlobalSection(ExtensibilityGlobals) = postSolution
		SolutionGuid = {4C9EC2D0-6FBF-48B2-AACF-0DED757419B6}
	EndGlobalSection
EndGlobal
